
Microsoft Visual Studio Solution File, Format Version 12.00
# Visual Studio Version 16
VisualStudioVersion = 16.0.31129.286
MinimumVisualStudioVersion = 10.0.40219.1
Project("{FAE04EC0-301F-11D3-BF4B-00C04F79EFBC}") = "Desafio2_PED", "Desafio2_PED\Desafio2_PED.csproj", "{0346D2FC-CB4E-4620-B59B-D376D8801282}"
EndProject
Global
	GlobalSection(SolutionConfigurationPlatforms) = preSolution
		Debug|Any CPU = Debug|Any CPU
		Release|Any CPU = Release|Any CPU
	EndGlobalSection
	GlobalSection(ProjectConfigurationPlatforms) = postSolution
		{0346D2FC-CB4E-4620-B59B-D376D8801282}.Debug|Any CPU.ActiveCfg = Debug|Any CPU
		{0346D2FC-CB4E-4620-B59B-D376D8801282}.Debug|Any CPU.Build.0 = Debug|Any CPU
		{0346D2FC-CB4E-4620-B59B-D376D8801282}.Release|Any CPU.ActiveCfg = Release|Any CPU
		{0346D2FC-CB4E-4620-B59B-D376D8801282}.Release|Any CPU.Build.0 = Release|Any CPU
	EndGlobalSection
	GlobalSection(SolutionProperties) = preSolution
		HideSolutionNode = FALSE
	EndGlobalSection
	GlobalSection(ExtensibilityGlobals) = postSolution
		SolutionGuid = {AF5A7739-CD52-4538-A6EC-1841913676A7}
	EndGlobalSection
EndGlobal
